// !$*UTF8*$!
{
	archiveVersion = 1;
	classes = {
	};
	objectVersion = 56;
	objects = {

/* Begin PBXBuildFile section */
		7C0045FA2ABBBD7A00749299 /* MinepaperApp.swift in Sources */ = {isa = PBXBuildFile; fileRef = 7C0045F92ABBBD7A00749299 /* MinepaperApp.swift */; };
		7C0045FC2ABBBD7A00749299 /* ContentView.swift in Sources */ = {isa = PBXBuildFile; fileRef = 7C0045FB2ABBBD7A00749299 /* ContentView.swift */; };
		7C0045FE2ABBBD7B00749299 /* Assets.xcassets in Resources */ = {isa = PBXBuildFile; fileRef = 7C0045FD2ABBBD7B00749299 /* Assets.xcassets */; };
		7C0046012ABBBD7B00749299 /* Preview Assets.xcassets in Resources */ = {isa = PBXBuildFile; fileRef = 7C0046002ABBBD7B00749299 /* Preview Assets.xcassets */; };
		7C00460B2ABBBD7B00749299 /* MinepaperTests.swift in Sources */ = {isa = PBXBuildFile; fileRef = 7C00460A2ABBBD7B00749299 /* MinepaperTests.swift */; };
		7C0046152ABBBD7B00749299 /* MinepaperUITests.swift in Sources */ = {isa = PBXBuildFile; fileRef = 7C0046142ABBBD7B00749299 /* MinepaperUITests.swift */; };
		7C0046172ABBBD7B00749299 /* MinepaperUITestsLaunchTests.swift in Sources */ = {isa = PBXBuildFile; fileRef = 7C0046162ABBBD7B00749299 /* MinepaperUITestsLaunchTests.swift */; };
		7C0046252ABBC2A100749299 /* Utilities.swift in Sources */ = {isa = PBXBuildFile; fileRef = 7C0046242ABBC2A100749299 /* Utilities.swift */; };
		7C0046272ABBC34800749299 /* Constants.swift in Sources */ = {isa = PBXBuildFile; fileRef = 7C0046262ABBC34800749299 /* Constants.swift */; };
		7C0046292ABBC39A00749299 /* Enums.swift in Sources */ = {isa = PBXBuildFile; fileRef = 7C0046282ABBC39A00749299 /* Enums.swift */; };
		7C00462B2ABBC61E00749299 /* UIObjects.swift in Sources */ = {isa = PBXBuildFile; fileRef = 7C00462A2ABBC61E00749299 /* UIObjects.swift */; };
		7C00462E2ABD090400749299 /* AsyncDownSamplingImage in Frameworks */ = {isa = PBXBuildFile; productRef = 7C00462D2ABD090400749299 /* AsyncDownSamplingImage */; };
		7C0046302AC0995C00749299 /* WallpaperView.swift in Sources */ = {isa = PBXBuildFile; fileRef = 7C00462F2AC0995C00749299 /* WallpaperView.swift */; };
/* End PBXBuildFile section */

/* Begin PBXContainerItemProxy section */
		7C0046072ABBBD7B00749299 /* PBXContainerItemProxy */ = {
			isa = PBXContainerItemProxy;
			containerPortal = 7C0045EE2ABBBD7A00749299 /* Project object */;
			proxyType = 1;
			remoteGlobalIDString = 7C0045F52ABBBD7A00749299;
			remoteInfo = Minepaper;
		};
		7C0046112ABBBD7B00749299 /* PBXContainerItemProxy */ = {
			isa = PBXContainerItemProxy;
			containerPortal = 7C0045EE2ABBBD7A00749299 /* Project object */;
			proxyType = 1;
			remoteGlobalIDString = 7C0045F52ABBBD7A00749299;
			remoteInfo = Minepaper;
		};
/* End PBXContainerItemProxy section */

/* Begin PBXFileReference section */
		7C0045F62ABBBD7A00749299 /* Minepaper.app */ = {isa = PBXFileReference; explicitFileType = wrapper.application; includeInIndex = 0; path = Minepaper.app; sourceTree = BUILT_PRODUCTS_DIR; };
		7C0045F92ABBBD7A00749299 /* MinepaperApp.swift */ = {isa = PBXFileReference; lastKnownFileType = sourcecode.swift; path = MinepaperApp.swift; sourceTree = "<group>"; };
		7C0045FB2ABBBD7A00749299 /* ContentView.swift */ = {isa = PBXFileReference; lastKnownFileType = sourcecode.swift; path = ContentView.swift; sourceTree = "<group>"; };
		7C0045FD2ABBBD7B00749299 /* Assets.xcassets */ = {isa = PBXFileReference; lastKnownFileType = folder.assetcatalog; path = Assets.xcassets; sourceTree = "<group>"; };
		7C0046002ABBBD7B00749299 /* Preview Assets.xcassets */ = {isa = PBXFileReference; lastKnownFileType = folder.assetcatalog; path = "Preview Assets.xcassets"; sourceTree = "<group>"; };
		7C0046062ABBBD7B00749299 /* MinepaperTests.xctest */ = {isa = PBXFileReference; explicitFileType = wrapper.cfbundle; includeInIndex = 0; path = MinepaperTests.xctest; sourceTree = BUILT_PRODUCTS_DIR; };
		7C00460A2ABBBD7B00749299 /* MinepaperTests.swift */ = {isa = PBXFileReference; lastKnownFileType = sourcecode.swift; path = MinepaperTests.swift; sourceTree = "<group>"; };
		7C0046102ABBBD7B00749299 /* MinepaperUITests.xctest */ = {isa = PBXFileReference; explicitFileType = wrapper.cfbundle; includeInIndex = 0; path = MinepaperUITests.xctest; sourceTree = BUILT_PRODUCTS_DIR; };
		7C0046142ABBBD7B00749299 /* MinepaperUITests.swift */ = {isa = PBXFileReference; lastKnownFileType = sourcecode.swift; path = MinepaperUITests.swift; sourceTree = "<group>"; };
		7C0046162ABBBD7B00749299 /* MinepaperUITestsLaunchTests.swift */ = {isa = PBXFileReference; lastKnownFileType = sourcecode.swift; path = MinepaperUITestsLaunchTests.swift; sourceTree = "<group>"; };
		7C0046242ABBC2A100749299 /* Utilities.swift */ = {isa = PBXFileReference; lastKnownFileType = sourcecode.swift; path = Utilities.swift; sourceTree = "<group>"; };
		7C0046262ABBC34800749299 /* Constants.swift */ = {isa = PBXFileReference; lastKnownFileType = sourcecode.swift; path = Constants.swift; sourceTree = "<group>"; };
		7C0046282ABBC39A00749299 /* Enums.swift */ = {isa = PBXFileReference; lastKnownFileType = sourcecode.swift; path = Enums.swift; sourceTree = "<group>"; };
		7C00462A2ABBC61E00749299 /* UIObjects.swift */ = {isa = PBXFileReference; lastKnownFileType = sourcecode.swift; path = UIObjects.swift; sourceTree = "<group>"; };
		7C00462F2AC0995C00749299 /* WallpaperView.swift */ = {isa = PBXFileReference; lastKnownFileType = sourcecode.swift; path = WallpaperView.swift; sourceTree = "<group>"; };
/* End PBXFileReference section */

/* Begin PBXFrameworksBuildPhase section */
		7C0045F32ABBBD7A00749299 /* Frameworks */ = {
			isa = PBXFrameworksBuildPhase;
			buildActionMask = 2147483647;
			files = (
				7C00462E2ABD090400749299 /* AsyncDownSamplingImage in Frameworks */,
			);
			runOnlyForDeploymentPostprocessing = 0;
		};
		7C0046032ABBBD7B00749299 /* Frameworks */ = {
			isa = PBXFrameworksBuildPhase;
			buildActionMask = 2147483647;
			files = (
			);
			runOnlyForDeploymentPostprocessing = 0;
		};
		7C00460D2ABBBD7B00749299 /* Frameworks */ = {
			isa = PBXFrameworksBuildPhase;
			buildActionMask = 2147483647;
			files = (
			);
			runOnlyForDeploymentPostprocessing = 0;
		};
/* End PBXFrameworksBuildPhase section */

/* Begin PBXGroup section */
		7C0045ED2ABBBD7A00749299 = {
			isa = PBXGroup;
			children = (
				7C0045F82ABBBD7A00749299 /* Minepaper */,
				7C0046092ABBBD7B00749299 /* MinepaperTests */,
				7C0046132ABBBD7B00749299 /* MinepaperUITests */,
				7C0045F72ABBBD7A00749299 /* Products */,
			);
			sourceTree = "<group>";
		};
		7C0045F72ABBBD7A00749299 /* Products */ = {
			isa = PBXGroup;
			children = (
				7C0045F62ABBBD7A00749299 /* Minepaper.app */,
				7C0046062ABBBD7B00749299 /* MinepaperTests.xctest */,
				7C0046102ABBBD7B00749299 /* MinepaperUITests.xctest */,
			);
			name = Products;
			sourceTree = "<group>";
		};
		7C0045F82ABBBD7A00749299 /* Minepaper */ = {
			isa = PBXGroup;
			children = (
				7C0046232ABBC28900749299 /* Classes */,
				7C0045F92ABBBD7A00749299 /* MinepaperApp.swift */,
				7C0045FB2ABBBD7A00749299 /* ContentView.swift */,
				7C0045FD2ABBBD7B00749299 /* Assets.xcassets */,
				7C0045FF2ABBBD7B00749299 /* Preview Content */,
				7C00462F2AC0995C00749299 /* WallpaperView.swift */,
			);
			path = Minepaper;
			sourceTree = "<group>";
		};
		7C0045FF2ABBBD7B00749299 /* Preview Content */ = {
			isa = PBXGroup;
			children = (
				7C0046002ABBBD7B00749299 /* Preview Assets.xcassets */,
			);
			path = "Preview Content";
			sourceTree = "<group>";
		};
		7C0046092ABBBD7B00749299 /* MinepaperTests */ = {
			isa = PBXGroup;
			children = (
				7C00460A2ABBBD7B00749299 /* MinepaperTests.swift */,
			);
			path = MinepaperTests;
			sourceTree = "<group>";
		};
		7C0046132ABBBD7B00749299 /* MinepaperUITests */ = {
			isa = PBXGroup;
			children = (
				7C0046142ABBBD7B00749299 /* MinepaperUITests.swift */,
				7C0046162ABBBD7B00749299 /* MinepaperUITestsLaunchTests.swift */,
			);
			path = MinepaperUITests;
			sourceTree = "<group>";
		};
		7C0046232ABBC28900749299 /* Classes */ = {
			isa = PBXGroup;
			children = (
				7C0046242ABBC2A100749299 /* Utilities.swift */,
				7C0046262ABBC34800749299 /* Constants.swift */,
				7C0046282ABBC39A00749299 /* Enums.swift */,
				7C00462A2ABBC61E00749299 /* UIObjects.swift */,
			);
			path = Classes;
			sourceTree = "<group>";
		};
/* End PBXGroup section */

/* Begin PBXNativeTarget section */
		7C0045F52ABBBD7A00749299 /* Minepaper */ = {
			isa = PBXNativeTarget;
			buildConfigurationList = 7C00461A2ABBBD7B00749299 /* Build configuration list for PBXNativeTarget "Minepaper" */;
			buildPhases = (
				7C0045F22ABBBD7A00749299 /* Sources */,
				7C0045F32ABBBD7A00749299 /* Frameworks */,
				7C0045F42ABBBD7A00749299 /* Resources */,
			);
			buildRules = (
			);
			dependencies = (
			);
			name = Minepaper;
			packageProductDependencies = (
				7C00462D2ABD090400749299 /* AsyncDownSamplingImage */,
			);
			productName = Minepaper;
			productReference = 7C0045F62ABBBD7A00749299 /* Minepaper.app */;
			productType = "com.apple.product-type.application";
		};
		7C0046052ABBBD7B00749299 /* MinepaperTests */ = {
			isa = PBXNativeTarget;
			buildConfigurationList = 7C00461D2ABBBD7B00749299 /* Build configuration list for PBXNativeTarget "MinepaperTests" */;
			buildPhases = (
				7C0046022ABBBD7B00749299 /* Sources */,
				7C0046032ABBBD7B00749299 /* Frameworks */,
				7C0046042ABBBD7B00749299 /* Resources */,
			);
			buildRules = (
			);
			dependencies = (
				7C0046082ABBBD7B00749299 /* PBXTargetDependency */,
			);
			name = MinepaperTests;
			productName = MinepaperTests;
			productReference = 7C0046062ABBBD7B00749299 /* MinepaperTests.xctest */;
			productType = "com.apple.product-type.bundle.unit-test";
		};
		7C00460F2ABBBD7B00749299 /* MinepaperUITests */ = {
			isa = PBXNativeTarget;
			buildConfigurationList = 7C0046202ABBBD7B00749299 /* Build configuration list for PBXNativeTarget "MinepaperUITests" */;
			buildPhases = (
				7C00460C2ABBBD7B00749299 /* Sources */,
				7C00460D2ABBBD7B00749299 /* Frameworks */,
				7C00460E2ABBBD7B00749299 /* Resources */,
			);
			buildRules = (
			);
			dependencies = (
				7C0046122ABBBD7B00749299 /* PBXTargetDependency */,
			);
			name = MinepaperUITests;
			productName = MinepaperUITests;
			productReference = 7C0046102ABBBD7B00749299 /* MinepaperUITests.xctest */;
			productType = "com.apple.product-type.bundle.ui-testing";
		};
/* End PBXNativeTarget section */

/* Begin PBXProject section */
		7C0045EE2ABBBD7A00749299 /* Project object */ = {
			isa = PBXProject;
			attributes = {
				BuildIndependentTargetsInParallel = 1;
				LastSwiftUpdateCheck = 1500;
				LastUpgradeCheck = 1500;
				TargetAttributes = {
					7C0045F52ABBBD7A00749299 = {
						CreatedOnToolsVersion = 15.0;
					};
					7C0046052ABBBD7B00749299 = {
						CreatedOnToolsVersion = 15.0;
						TestTargetID = 7C0045F52ABBBD7A00749299;
					};
					7C00460F2ABBBD7B00749299 = {
						CreatedOnToolsVersion = 15.0;
						TestTargetID = 7C0045F52ABBBD7A00749299;
					};
				};
			};
			buildConfigurationList = 7C0045F12ABBBD7A00749299 /* Build configuration list for PBXProject "Minepaper" */;
			compatibilityVersion = "Xcode 14.0";
			developmentRegion = en;
			hasScannedForEncodings = 0;
			knownRegions = (
				en,
				Base,
			);
			mainGroup = 7C0045ED2ABBBD7A00749299;
			packageReferences = (
				7C00462C2ABD090400749299 /* XCRemoteSwiftPackageReference "AsyncDownSamplingImage" */,
			);
			productRefGroup = 7C0045F72ABBBD7A00749299 /* Products */;
			projectDirPath = "";
			projectRoot = "";
			targets = (
				7C0045F52ABBBD7A00749299 /* Minepaper */,
				7C0046052ABBBD7B00749299 /* MinepaperTests */,
				7C00460F2ABBBD7B00749299 /* MinepaperUITests */,
			);
		};
/* End PBXProject section */

/* Begin PBXResourcesBuildPhase section */
		7C0045F42ABBBD7A00749299 /* Resources */ = {
			isa = PBXResourcesBuildPhase;
			buildActionMask = 2147483647;
			files = (
				7C0046012ABBBD7B00749299 /* Preview Assets.xcassets in Resources */,
				7C0045FE2ABBBD7B00749299 /* Assets.xcassets in Resources */,
			);
			runOnlyForDeploymentPostprocessing = 0;
		};
		7C0046042ABBBD7B00749299 /* Resources */ = {
			isa = PBXResourcesBuildPhase;
			buildActionMask = 2147483647;
			files = (
			);
			runOnlyForDeploymentPostprocessing = 0;
		};
		7C00460E2ABBBD7B00749299 /* Resources */ = {
			isa = PBXResourcesBuildPhase;
			buildActionMask = 2147483647;
			files = (
			);
			runOnlyForDeploymentPostprocessing = 0;
		};
/* End PBXResourcesBuildPhase section */

/* Begin PBXSourcesBuildPhase section */
		7C0045F22ABBBD7A00749299 /* Sources */ = {
			isa = PBXSourcesBuildPhase;
			buildActionMask = 2147483647;
			files = (
				7C00462B2ABBC61E00749299 /* UIObjects.swift in Sources */,
				7C0046302AC0995C00749299 /* WallpaperView.swift in Sources */,
				7C0046252ABBC2A100749299 /* Utilities.swift in Sources */,
				7C0045FC2ABBBD7A00749299 /* ContentView.swift in Sources */,
				7C0046292ABBC39A00749299 /* Enums.swift in Sources */,
				7C0045FA2ABBBD7A00749299 /* MinepaperApp.swift in Sources */,
				7C0046272ABBC34800749299 /* Constants.swift in Sources */,
			);
			runOnlyForDeploymentPostprocessing = 0;
		};
		7C0046022ABBBD7B00749299 /* Sources */ = {
			isa = PBXSourcesBuildPhase;
			buildActionMask = 2147483647;
			files = (
				7C00460B2ABBBD7B00749299 /* MinepaperTests.swift in Sources */,
			);
			runOnlyForDeploymentPostprocessing = 0;
		};
		7C00460C2ABBBD7B00749299 /* Sources */ = {
			isa = PBXSourcesBuildPhase;
			buildActionMask = 2147483647;
			files = (
				7C0046172ABBBD7B00749299 /* MinepaperUITestsLaunchTests.swift in Sources */,
				7C0046152ABBBD7B00749299 /* MinepaperUITests.swift in Sources */,
			);
			runOnlyForDeploymentPostprocessing = 0;
		};
/* End PBXSourcesBuildPhase section */

/* Begin PBXTargetDependency section */
		7C0046082ABBBD7B00749299 /* PBXTargetDependency */ = {
			isa = PBXTargetDependency;
			target = 7C0045F52ABBBD7A00749299 /* Minepaper */;
			targetProxy = 7C0046072ABBBD7B00749299 /* PBXContainerItemProxy */;
		};
		7C0046122ABBBD7B00749299 /* PBXTargetDependency */ = {
			isa = PBXTargetDependency;
			target = 7C0045F52ABBBD7A00749299 /* Minepaper */;
			targetProxy = 7C0046112ABBBD7B00749299 /* PBXContainerItemProxy */;
		};
/* End PBXTargetDependency section */

/* Begin XCBuildConfiguration section */
		7C0046182ABBBD7B00749299 /* Debug */ = {
			isa = XCBuildConfiguration;
			buildSettings = {
				ALWAYS_SEARCH_USER_PATHS = NO;
				ASSETCATALOG_COMPILER_GENERATE_SWIFT_ASSET_SYMBOL_EXTENSIONS = YES;
				CLANG_ANALYZER_NONNULL = YES;
				CLANG_ANALYZER_NUMBER_OBJECT_CONVERSION = YES_AGGRESSIVE;
				CLANG_CXX_LANGUAGE_STANDARD = "gnu++20";
				CLANG_ENABLE_MODULES = YES;
				CLANG_ENABLE_OBJC_ARC = YES;
				CLANG_ENABLE_OBJC_WEAK = YES;
				CLANG_WARN_BLOCK_CAPTURE_AUTORELEASING = YES;
				CLANG_WARN_BOOL_CONVERSION = YES;
				CLANG_WARN_COMMA = YES;
				CLANG_WARN_CONSTANT_CONVERSION = YES;
				CLANG_WARN_DEPRECATED_OBJC_IMPLEMENTATIONS = YES;
				CLANG_WARN_DIRECT_OBJC_ISA_USAGE = YES_ERROR;
				CLANG_WARN_DOCUMENTATION_COMMENTS = YES;
				CLANG_WARN_EMPTY_BODY = YES;
				CLANG_WARN_ENUM_CONVERSION = YES;
				CLANG_WARN_INFINITE_RECURSION = YES;
				CLANG_WARN_INT_CONVERSION = YES;
				CLANG_WARN_NON_LITERAL_NULL_CONVERSION = YES;
				CLANG_WARN_OBJC_IMPLICIT_RETAIN_SELF = YES;
				CLANG_WARN_OBJC_LITERAL_CONVERSION = YES;
				CLANG_WARN_OBJC_ROOT_CLASS = YES_ERROR;
				CLANG_WARN_QUOTED_INCLUDE_IN_FRAMEWORK_HEADER = YES;
				CLANG_WARN_RANGE_LOOP_ANALYSIS = YES;
				CLANG_WARN_STRICT_PROTOTYPES = YES;
				CLANG_WARN_SUSPICIOUS_MOVE = YES;
				CLANG_WARN_UNGUARDED_AVAILABILITY = YES_AGGRESSIVE;
				CLANG_WARN_UNREACHABLE_CODE = YES;
				CLANG_WARN__DUPLICATE_METHOD_MATCH = YES;
				COPY_PHASE_STRIP = NO;
				DEBUG_INFORMATION_FORMAT = dwarf;
				ENABLE_STRICT_OBJC_MSGSEND = YES;
				ENABLE_TESTABILITY = YES;
				ENABLE_USER_SCRIPT_SANDBOXING = YES;
				GCC_C_LANGUAGE_STANDARD = gnu17;
				GCC_DYNAMIC_NO_PIC = NO;
				GCC_NO_COMMON_BLOCKS = YES;
				GCC_OPTIMIZATION_LEVEL = 0;
				GCC_PREPROCESSOR_DEFINITIONS = (
					"DEBUG=1",
					"$(inherited)",
				);
				GCC_WARN_64_TO_32_BIT_CONVERSION = YES;
				GCC_WARN_ABOUT_RETURN_TYPE = YES_ERROR;
				GCC_WARN_UNDECLARED_SELECTOR = YES;
				GCC_WARN_UNINITIALIZED_AUTOS = YES_AGGRESSIVE;
				GCC_WARN_UNUSED_FUNCTION = YES;
				GCC_WARN_UNUSED_VARIABLE = YES;
				IPHONEOS_DEPLOYMENT_TARGET = 17.0;
				LOCALIZATION_PREFERS_STRING_CATALOGS = YES;
				MTL_ENABLE_DEBUG_INFO = INCLUDE_SOURCE;
				MTL_FAST_MATH = YES;
				ONLY_ACTIVE_ARCH = YES;
				SDKROOT = iphoneos;
				SWIFT_ACTIVE_COMPILATION_CONDITIONS = "DEBUG $(inherited)";
				SWIFT_OPTIMIZATION_LEVEL = "-Onone";
			};
			name = Debug;
		};
		7C0046192ABBBD7B00749299 /* Release */ = {
			isa = XCBuildConfiguration;
			buildSettings = {
				ALWAYS_SEARCH_USER_PATHS = NO;
				ASSETCATALOG_COMPILER_GENERATE_SWIFT_ASSET_SYMBOL_EXTENSIONS = YES;
				CLANG_ANALYZER_NONNULL = YES;
				CLANG_ANALYZER_NUMBER_OBJECT_CONVERSION = YES_AGGRESSIVE;
				CLANG_CXX_LANGUAGE_STANDARD = "gnu++20";
				CLANG_ENABLE_MODULES = YES;
				CLANG_ENABLE_OBJC_ARC = YES;
				CLANG_ENABLE_OBJC_WEAK = YES;
				CLANG_WARN_BLOCK_CAPTURE_AUTORELEASING = YES;
				CLANG_WARN_BOOL_CONVERSION = YES;
				CLANG_WARN_COMMA = YES;
				CLANG_WARN_CONSTANT_CONVERSION = YES;
				CLANG_WARN_DEPRECATED_OBJC_IMPLEMENTATIONS = YES;
				CLANG_WARN_DIRECT_OBJC_ISA_USAGE = YES_ERROR;
				CLANG_WARN_DOCUMENTATION_COMMENTS = YES;
				CLANG_WARN_EMPTY_BODY = YES;
				CLANG_WARN_ENUM_CONVERSION = YES;
				CLANG_WARN_INFINITE_RECURSION = YES;
				CLANG_WARN_INT_CONVERSION = YES;
				CLANG_WARN_NON_LITERAL_NULL_CONVERSION = YES;
				CLANG_WARN_OBJC_IMPLICIT_RETAIN_SELF = YES;
				CLANG_WARN_OBJC_LITERAL_CONVERSION = YES;
				CLANG_WARN_OBJC_ROOT_CLASS = YES_ERROR;
				CLANG_WARN_QUOTED_INCLUDE_IN_FRAMEWORK_HEADER = YES;
				CLANG_WARN_RANGE_LOOP_ANALYSIS = YES;
				CLANG_WARN_STRICT_PROTOTYPES = YES;
				CLANG_WARN_SUSPICIOUS_MOVE = YES;
				CLANG_WARN_UNGUARDED_AVAILABILITY = YES_AGGRESSIVE;
				CLANG_WARN_UNREACHABLE_CODE = YES;
				CLANG_WARN__DUPLICATE_METHOD_MATCH = YES;
				COPY_PHASE_STRIP = NO;
				DEBUG_INFORMATION_FORMAT = "dwarf-with-dsym";
				ENABLE_NS_ASSERTIONS = NO;
				ENABLE_STRICT_OBJC_MSGSEND = YES;
				ENABLE_USER_SCRIPT_SANDBOXING = YES;
				GCC_C_LANGUAGE_STANDARD = gnu17;
				GCC_NO_COMMON_BLOCKS = YES;
				GCC_WARN_64_TO_32_BIT_CONVERSION = YES;
				GCC_WARN_ABOUT_RETURN_TYPE = YES_ERROR;
				GCC_WARN_UNDECLARED_SELECTOR = YES;
				GCC_WARN_UNINITIALIZED_AUTOS = YES_AGGRESSIVE;
				GCC_WARN_UNUSED_FUNCTION = YES;
				GCC_WARN_UNUSED_VARIABLE = YES;
				IPHONEOS_DEPLOYMENT_TARGET = 17.0;
				LOCALIZATION_PREFERS_STRING_CATALOGS = YES;
				MTL_ENABLE_DEBUG_INFO = NO;
				MTL_FAST_MATH = YES;
				SDKROOT = iphoneos;
				SWIFT_COMPILATION_MODE = wholemodule;
				VALIDATE_PRODUCT = YES;
			};
			name = Release;
		};
		7C00461B2ABBBD7B00749299 /* Debug */ = {
			isa = XCBuildConfiguration;
			buildSettings = {
				ASSETCATALOG_COMPILER_APPICON_NAME = AppIcon;
				ASSETCATALOG_COMPILER_GLOBAL_ACCENT_COLOR_NAME = AccentColor;
				CODE_SIGN_STYLE = Automatic;
				CURRENT_PROJECT_VERSION = 1;
				DEVELOPMENT_ASSET_PATHS = "\"Minepaper/Preview Content\"";
				DEVELOPMENT_TEAM = 2YP3HAP3F2;
				ENABLE_PREVIEWS = YES;
				GENERATE_INFOPLIST_FILE = YES;
				INFOPLIST_KEY_UIApplicationSceneManifest_Generation = YES;
				INFOPLIST_KEY_UIApplicationSupportsIndirectInputEvents = YES;
				INFOPLIST_KEY_UILaunchScreen_Generation = YES;
				INFOPLIST_KEY_UISupportedInterfaceOrientations_iPad = "UIInterfaceOrientationPortrait UIInterfaceOrientationPortraitUpsideDown UIInterfaceOrientationLandscapeLeft UIInterfaceOrientationLandscapeRight";
				INFOPLIST_KEY_UISupportedInterfaceOrientations_iPhone = "UIInterfaceOrientationPortrait UIInterfaceOrientationLandscapeLeft UIInterfaceOrientationLandscapeRight";
				LD_RUNPATH_SEARCH_PATHS = (
					"$(inherited)",
					"@executable_path/Frameworks",
				);
				MARKETING_VERSION = 1.0;
				PRODUCT_BUNDLE_IDENTIFIER = "com.tlickteig.minepaper-ios.Minepaper";
				PRODUCT_NAME = "$(TARGET_NAME)";
				SWIFT_EMIT_LOC_STRINGS = YES;
				SWIFT_VERSION = 5.0;
				TARGETED_DEVICE_FAMILY = "1,2";
			};
			name = Debug;
		};
		7C00461C2ABBBD7B00749299 /* Release */ = {
			isa = XCBuildConfiguration;
			buildSettings = {
				ASSETCATALOG_COMPILER_APPICON_NAME = AppIcon;
				ASSETCATALOG_COMPILER_GLOBAL_ACCENT_COLOR_NAME = AccentColor;
				CODE_SIGN_STYLE = Automatic;
				CURRENT_PROJECT_VERSION = 1;
				DEVELOPMENT_ASSET_PATHS = "\"Minepaper/Preview Content\"";
				DEVELOPMENT_TEAM = 2YP3HAP3F2;
				ENABLE_PREVIEWS = YES;
				GENERATE_INFOPLIST_FILE = YES;
				INFOPLIST_KEY_UIApplicationSceneManifest_Generation = YES;
				INFOPLIST_KEY_UIApplicationSupportsIndirectInputEvents = YES;
				INFOPLIST_KEY_UILaunchScreen_Generation = YES;
				INFOPLIST_KEY_UISupportedInterfaceOrientations_iPad = "UIInterfaceOrientationPortrait UIInterfaceOrientationPortraitUpsideDown UIInterfaceOrientationLandscapeLeft UIInterfaceOrientationLandscapeRight";
				INFOPLIST_KEY_UISupportedInterfaceOrientations_iPhone = "UIInterfaceOrientationPortrait UIInterfaceOrientationLandscapeLeft UIInterfaceOrientationLandscapeRight";
				LD_RUNPATH_SEARCH_PATHS = (
					"$(inherited)",
					"@executable_path/Frameworks",
				);
				MARKETING_VERSION = 1.0;
				PRODUCT_BUNDLE_IDENTIFIER = "com.tlickteig.minepaper-ios.Minepaper";
				PRODUCT_NAME = "$(TARGET_NAME)";
				SWIFT_EMIT_LOC_STRINGS = YES;
				SWIFT_VERSION = 5.0;
				TARGETED_DEVICE_FAMILY = "1,2";
			};
			name = Release;
		};
		7C00461E2ABBBD7B00749299 /* Debug */ = {
			isa = XCBuildConfiguration;
			buildSettings = {
				ALWAYS_EMBED_SWIFT_STANDARD_LIBRARIES = YES;
				BUNDLE_LOADER = "$(TEST_HOST)";
				CODE_SIGN_STYLE = Automatic;
				CURRENT_PROJECT_VERSION = 1;
				DEVELOPMENT_TEAM = 2YP3HAP3F2;
				GENERATE_INFOPLIST_FILE = YES;
				IPHONEOS_DEPLOYMENT_TARGET = 17.0;
				MARKETING_VERSION = 1.0;
				PRODUCT_BUNDLE_IDENTIFIER = "com.tlickteig.minepaper-ios.MinepaperTests";
				PRODUCT_NAME = "$(TARGET_NAME)";
				SWIFT_EMIT_LOC_STRINGS = NO;
				SWIFT_VERSION = 5.0;
				TARGETED_DEVICE_FAMILY = "1,2";
				TEST_HOST = "$(BUILT_PRODUCTS_DIR)/Minepaper.app/$(BUNDLE_EXECUTABLE_FOLDER_PATH)/Minepaper";
			};
			name = Debug;
		};
		7C00461F2ABBBD7B00749299 /* Release */ = {
			isa = XCBuildConfiguration;
			buildSettings = {
				ALWAYS_EMBED_SWIFT_STANDARD_LIBRARIES = YES;
				BUNDLE_LOADER = "$(TEST_HOST)";
				CODE_SIGN_STYLE = Automatic;
				CURRENT_PROJECT_VERSION = 1;
				DEVELOPMENT_TEAM = 2YP3HAP3F2;
				GENERATE_INFOPLIST_FILE = YES;
				IPHONEOS_DEPLOYMENT_TARGET = 17.0;
				MARKETING_VERSION = 1.0;
				PRODUCT_BUNDLE_IDENTIFIER = "com.tlickteig.minepaper-ios.MinepaperTests";
				PRODUCT_NAME = "$(TARGET_NAME)";
				SWIFT_EMIT_LOC_STRINGS = NO;
				SWIFT_VERSION = 5.0;
				TARGETED_DEVICE_FAMILY = "1,2";
				TEST_HOST = "$(BUILT_PRODUCTS_DIR)/Minepaper.app/$(BUNDLE_EXECUTABLE_FOLDER_PATH)/Minepaper";
			};
			name = Release;
		};
		7C0046212ABBBD7B00749299 /* Debug */ = {
			isa = XCBuildConfiguration;
			buildSettings = {
				ALWAYS_EMBED_SWIFT_STANDARD_LIBRARIES = YES;
				CODE_SIGN_STYLE = Automatic;
				CURRENT_PROJECT_VERSION = 1;
				DEVELOPMENT_TEAM = 2YP3HAP3F2;
				GENERATE_INFOPLIST_FILE = YES;
				MARKETING_VERSION = 1.0;
				PRODUCT_BUNDLE_IDENTIFIER = "com.tlickteig.minepaper-ios.MinepaperUITests";
				PRODUCT_NAME = "$(TARGET_NAME)";
				SWIFT_EMIT_LOC_STRINGS = NO;
				SWIFT_VERSION = 5.0;
				TARGETED_DEVICE_FAMILY = "1,2";
				TEST_TARGET_NAME = Minepaper;
			};
			name = Debug;
		};
		7C0046222ABBBD7B00749299 /* Release */ = {
			isa = XCBuildConfiguration;
			buildSettings = {
				ALWAYS_EMBED_SWIFT_STANDARD_LIBRARIES = YES;
				CODE_SIGN_STYLE = Automatic;
				CURRENT_PROJECT_VERSION = 1;
				DEVELOPMENT_TEAM = 2YP3HAP3F2;
				GENERATE_INFOPLIST_FILE = YES;
				MARKETING_VERSION = 1.0;
				PRODUCT_BUNDLE_IDENTIFIER = "com.tlickteig.minepaper-ios.MinepaperUITests";
				PRODUCT_NAME = "$(TARGET_NAME)";
				SWIFT_EMIT_LOC_STRINGS = NO;
				SWIFT_VERSION = 5.0;
				TARGETED_DEVICE_FAMILY = "1,2";
				TEST_TARGET_NAME = Minepaper;
			};
			name = Release;
		};
/* End XCBuildConfiguration section */

/* Begin XCConfigurationList section */
		7C0045F12ABBBD7A00749299 /* Build configuration list for PBXProject "Minepaper" */ = {
			isa = XCConfigurationList;
			buildConfigurations = (
				7C0046182ABBBD7B00749299 /* Debug */,
				7C0046192ABBBD7B00749299 /* Release */,
			);
			defaultConfigurationIsVisible = 0;
			defaultConfigurationName = Release;
		};
		7C00461A2ABBBD7B00749299 /* Build configuration list for PBXNativeTarget "Minepaper" */ = {
			isa = XCConfigurationList;
			buildConfigurations = (
				7C00461B2ABBBD7B00749299 /* Debug */,
				7C00461C2ABBBD7B00749299 /* Release */,
			);
			defaultConfigurationIsVisible = 0;
			defaultConfigurationName = Release;
		};
		7C00461D2ABBBD7B00749299 /* Build configuration list for PBXNativeTarget "MinepaperTests" */ = {
			isa = XCConfigurationList;
			buildConfigurations = (
				7C00461E2ABBBD7B00749299 /* Debug */,
				7C00461F2ABBBD7B00749299 /* Release */,
			);
			defaultConfigurationIsVisible = 0;
			defaultConfigurationName = Release;
		};
		7C0046202ABBBD7B00749299 /* Build configuration list for PBXNativeTarget "MinepaperUITests" */ = {
			isa = XCConfigurationList;
			buildConfigurations = (
				7C0046212ABBBD7B00749299 /* Debug */,
				7C0046222ABBBD7B00749299 /* Release */,
			);
			defaultConfigurationIsVisible = 0;
			defaultConfigurationName = Release;
		};
/* End XCConfigurationList section */

/* Begin XCRemoteSwiftPackageReference section */
		7C00462C2ABD090400749299 /* XCRemoteSwiftPackageReference "AsyncDownSamplingImage" */ = {
			isa = XCRemoteSwiftPackageReference;
			repositoryURL = "https://github.com/fummicc1/AsyncDownSamplingImage?source=post_page-----947c11da66d1--------------------------------";
			requirement = {
				kind = upToNextMajorVersion;
				minimumVersion = 0.2.0;
			};
		};
/* End XCRemoteSwiftPackageReference section */

/* Begin XCSwiftPackageProductDependency section */
		7C00462D2ABD090400749299 /* AsyncDownSamplingImage */ = {
			isa = XCSwiftPackageProductDependency;
			package = 7C00462C2ABD090400749299 /* XCRemoteSwiftPackageReference "AsyncDownSamplingImage" */;
			productName = AsyncDownSamplingImage;
		};
/* End XCSwiftPackageProductDependency section */
	};
	rootObject = 7C0045EE2ABBBD7A00749299 /* Project object */;
}
